// !$*UTF8*$!
{
	archiveVersion = 1;
	classes = {
	};
	objectVersion = 46;
	objects = {

/* Begin PBXBuildFile section */
		FB47A261153CBF98008D893D /* Foundation.framework in Frameworks */ = {isa = PBXBuildFile; fileRef = FB47A260153CBF98008D893D /* Foundation.framework */; };
		FB47A263153CBF98008D893D /* UIKit.framework in Frameworks */ = {isa = PBXBuildFile; fileRef = FB47A262153CBF98008D893D /* UIKit.framework */; };
		FB47A265153CBF98008D893D /* CoreGraphics.framework in Frameworks */ = {isa = PBXBuildFile; fileRef = FB47A264153CBF98008D893D /* CoreGraphics.framework */; };
		FB47A267153CBF98008D893D /* AddressBook.framework in Frameworks */ = {isa = PBXBuildFile; fileRef = FB47A266153CBF98008D893D /* AddressBook.framework */; };
		FB47A269153CBF98008D893D /* AddressBookUI.framework in Frameworks */ = {isa = PBXBuildFile; fileRef = FB47A268153CBF98008D893D /* AddressBookUI.framework */; };
		FB47A26B153CBF98008D893D /* AudioToolbox.framework in Frameworks */ = {isa = PBXBuildFile; fileRef = FB47A26A153CBF98008D893D /* AudioToolbox.framework */; };
		FB47A26D153CBF98008D893D /* AVFoundation.framework in Frameworks */ = {isa = PBXBuildFile; fileRef = FB47A26C153CBF98008D893D /* AVFoundation.framework */; };
		FB47A26F153CBF98008D893D /* CoreLocation.framework in Frameworks */ = {isa = PBXBuildFile; fileRef = FB47A26E153CBF98008D893D /* CoreLocation.framework */; };
		FB47A271153CBF98008D893D /* MediaPlayer.framework in Frameworks */ = {isa = PBXBuildFile; fileRef = FB47A270153CBF98008D893D /* MediaPlayer.framework */; };
		FB47A273153CBF98008D893D /* QuartzCore.framework in Frameworks */ = {isa = PBXBuildFile; fileRef = FB47A272153CBF98008D893D /* QuartzCore.framework */; };
		FB47A275153CBF98008D893D /* SystemConfiguration.framework in Frameworks */ = {isa = PBXBuildFile; fileRef = FB47A274153CBF98008D893D /* SystemConfiguration.framework */; };
		FB47A277153CBF98008D893D /* MobileCoreServices.framework in Frameworks */ = {isa = PBXBuildFile; fileRef = FB47A276153CBF98008D893D /* MobileCoreServices.framework */; };
		FB47A279153CBF98008D893D /* CoreMedia.framework in Frameworks */ = {isa = PBXBuildFile; fileRef = FB47A278153CBF98008D893D /* CoreMedia.framework */; };
		FB47A27F153CBF98008D893D /* InfoPlist.strings in Resources */ = {isa = PBXBuildFile; fileRef = FB47A27D153CBF98008D893D /* InfoPlist.strings */; };
		FB47A281153CBF98008D893D /* main.m in Sources */ = {isa = PBXBuildFile; fileRef = FB47A280153CBF98008D893D /* main.m */; };
		FB47A284153CBF98008D893D /* PhoneGap.framework in Frameworks */ = {isa = PBXBuildFile; fileRef = FB47A283153CBF98008D893D /* PhoneGap.framework */; };
		FB47A289153CBF98008D893D /* Localizable.strings in Resources */ = {isa = PBXBuildFile; fileRef = FB47A287153CBF98008D893D /* Localizable.strings */; };
		FB47A28D153CBF98008D893D /* Localizable.strings in Resources */ = {isa = PBXBuildFile; fileRef = FB47A28B153CBF98008D893D /* Localizable.strings */; };
		FB47A290153CBF98008D893D /* icon.png in Resources */ = {isa = PBXBuildFile; fileRef = FB47A28F153CBF98008D893D /* icon.png */; };
		FB47A292153CBF98008D893D /* icon@2x.png in Resources */ = {isa = PBXBuildFile; fileRef = FB47A291153CBF98008D893D /* icon@2x.png */; };
		FB47A294153CBF98008D893D /* icon-72.png in Resources */ = {isa = PBXBuildFile; fileRef = FB47A293153CBF98008D893D /* icon-72.png */; };
		FB47A297153CBF98008D893D /* Default.png in Resources */ = {isa = PBXBuildFile; fileRef = FB47A296153CBF98008D893D /* Default.png */; };
		FB47A299153CBF98008D893D /* Default@2x.png in Resources */ = {isa = PBXBuildFile; fileRef = FB47A298153CBF98008D893D /* Default@2x.png */; };
		FB47A29B153CBF98008D893D /* Capture.bundle in Resources */ = {isa = PBXBuildFile; fileRef = FB47A29A153CBF98008D893D /* Capture.bundle */; };
		FB47A29D153CBF98008D893D /* PhoneGap.plist in Resources */ = {isa = PBXBuildFile; fileRef = FB47A29C153CBF98008D893D /* PhoneGap.plist */; };
		FB47A2A1153CBF98008D893D /* AppDelegate.m in Sources */ = {isa = PBXBuildFile; fileRef = FB47A2A0153CBF98008D893D /* AppDelegate.m */; };
		FB47A2A4153CBF98008D893D /* MainViewController.m in Sources */ = {isa = PBXBuildFile; fileRef = FB47A2A3153CBF98008D893D /* MainViewController.m */; };
		FB47A2A6153CBF98008D893D /* MainViewController.xib in Resources */ = {isa = PBXBuildFile; fileRef = FB47A2A5153CBF98008D893D /* MainViewController.xib */; };
/* End PBXBuildFile section */

/* Begin PBXFileReference section */
		FB47A25C153CBF98008D893D /* RoadTripBonanza.app */ = {isa = PBXFileReference; explicitFileType = wrapper.application; includeInIndex = 0; path = RoadTripBonanza.app; sourceTree = BUILT_PRODUCTS_DIR; };
		FB47A260153CBF98008D893D /* Foundation.framework */ = {isa = PBXFileReference; lastKnownFileType = wrapper.framework; name = Foundation.framework; path = System/Library/Frameworks/Foundation.framework; sourceTree = SDKROOT; };
		FB47A262153CBF98008D893D /* UIKit.framework */ = {isa = PBXFileReference; lastKnownFileType = wrapper.framework; name = UIKit.framework; path = System/Library/Frameworks/UIKit.framework; sourceTree = SDKROOT; };
		FB47A264153CBF98008D893D /* CoreGraphics.framework */ = {isa = PBXFileReference; lastKnownFileType = wrapper.framework; name = CoreGraphics.framework; path = System/Library/Frameworks/CoreGraphics.framework; sourceTree = SDKROOT; };
		FB47A266153CBF98008D893D /* AddressBook.framework */ = {isa = PBXFileReference; lastKnownFileType = wrapper.framework; name = AddressBook.framework; path = System/Library/Frameworks/AddressBook.framework; sourceTree = SDKROOT; };
		FB47A268153CBF98008D893D /* AddressBookUI.framework */ = {isa = PBXFileReference; lastKnownFileType = wrapper.framework; name = AddressBookUI.framework; path = System/Library/Frameworks/AddressBookUI.framework; sourceTree = SDKROOT; };
		FB47A26A153CBF98008D893D /* AudioToolbox.framework */ = {isa = PBXFileReference; lastKnownFileType = wrapper.framework; name = AudioToolbox.framework; path = System/Library/Frameworks/AudioToolbox.framework; sourceTree = SDKROOT; };
		FB47A26C153CBF98008D893D /* AVFoundation.framework */ = {isa = PBXFileReference; lastKnownFileType = wrapper.framework; name = AVFoundation.framework; path = System/Library/Frameworks/AVFoundation.framework; sourceTree = SDKROOT; };
		FB47A26E153CBF98008D893D /* CoreLocation.framework */ = {isa = PBXFileReference; lastKnownFileType = wrapper.framework; name = CoreLocation.framework; path = System/Library/Frameworks/CoreLocation.framework; sourceTree = SDKROOT; };
		FB47A270153CBF98008D893D /* MediaPlayer.framework */ = {isa = PBXFileReference; lastKnownFileType = wrapper.framework; name = MediaPlayer.framework; path = System/Library/Frameworks/MediaPlayer.framework; sourceTree = SDKROOT; };
		FB47A272153CBF98008D893D /* QuartzCore.framework */ = {isa = PBXFileReference; lastKnownFileType = wrapper.framework; name = QuartzCore.framework; path = System/Library/Frameworks/QuartzCore.framework; sourceTree = SDKROOT; };
		FB47A274153CBF98008D893D /* SystemConfiguration.framework */ = {isa = PBXFileReference; lastKnownFileType = wrapper.framework; name = SystemConfiguration.framework; path = System/Library/Frameworks/SystemConfiguration.framework; sourceTree = SDKROOT; };
		FB47A276153CBF98008D893D /* MobileCoreServices.framework */ = {isa = PBXFileReference; lastKnownFileType = wrapper.framework; name = MobileCoreServices.framework; path = System/Library/Frameworks/MobileCoreServices.framework; sourceTree = SDKROOT; };
		FB47A278153CBF98008D893D /* CoreMedia.framework */ = {isa = PBXFileReference; lastKnownFileType = wrapper.framework; name = CoreMedia.framework; path = System/Library/Frameworks/CoreMedia.framework; sourceTree = SDKROOT; };
		FB47A27C153CBF98008D893D /* RoadTripBonanza-Info.plist */ = {isa = PBXFileReference; path = "RoadTripBonanza-Info.plist"; sourceTree = "<group>"; };
		FB47A27E153CBF98008D893D /* en */ = {isa = PBXFileReference; lastKnownFileType = text.plist.strings; name = en; path = en.lproj/InfoPlist.strings; sourceTree = "<group>"; };
		FB47A280153CBF98008D893D /* main.m */ = {isa = PBXFileReference; lastKnownFileType = sourcecode.c.objc; path = main.m; sourceTree = "<group>"; };
		FB47A282153CBF98008D893D /* RoadTripBonanza-Prefix.pch */ = {isa = PBXFileReference; path = "RoadTripBonanza-Prefix.pch"; sourceTree = "<group>"; };
		FB47A283153CBF98008D893D /* PhoneGap.framework */ = {isa = PBXFileReference; lastKnownFileType = wrapper.framework; name = PhoneGap.framework; path = /Users/Shared/PhoneGap/Frameworks/PhoneGap.framework; sourceTree = "<absolute>"; };
		FB47A288153CBF98008D893D /* en */ = {isa = PBXFileReference; lastKnownFileType = text.plist.strings; name = en; path = Resources/en.lproj/Localizable.strings; sourceTree = "<group>"; };
		FB47A28C153CBF98008D893D /* es */ = {isa = PBXFileReference; lastKnownFileType = text.plist.strings; name = es; path = Resources/es.lproj/Localizable.strings; sourceTree = "<group>"; };
		FB47A28F153CBF98008D893D /* icon.png */ = {isa = PBXFileReference; lastKnownFileType = image.png; name = icon.png; path = Resources/icons/icon.png; sourceTree = "<group>"; };
		FB47A291153CBF98008D893D /* icon@2x.png */ = {isa = PBXFileReference; lastKnownFileType = image.png; name = "icon@2x.png"; path = "Resources/icons/icon@2x.png"; sourceTree = "<group>"; };
		FB47A293153CBF98008D893D /* icon-72.png */ = {isa = PBXFileReference; lastKnownFileType = image.png; name = "icon-72.png"; path = "Resources/icons/icon-72.png"; sourceTree = "<group>"; };
		FB47A296153CBF98008D893D /* Default.png */ = {isa = PBXFileReference; lastKnownFileType = image.png; name = Default.png; path = Resources/splash/Default.png; sourceTree = "<group>"; };
		FB47A298153CBF98008D893D /* Default@2x.png */ = {isa = PBXFileReference; lastKnownFileType = image.png; name = "Default@2x.png"; path = "Resources/splash/Default@2x.png"; sourceTree = "<group>"; };
		FB47A29A153CBF98008D893D /* Capture.bundle */ = {isa = PBXFileReference; lastKnownFileType = "wrapper.plug-in"; name = Capture.bundle; path = Resources/Capture.bundle; sourceTree = "<group>"; };
		FB47A29C153CBF98008D893D /* PhoneGap.plist */ = {isa = PBXFileReference; lastKnownFileType = text.plist.xml; path = PhoneGap.plist; sourceTree = "<group>"; };
		FB47A29F153CBF98008D893D /* AppDelegate.h */ = {isa = PBXFileReference; name = AppDelegate.h; path = Classes/AppDelegate.h; sourceTree = "<group>"; };
		FB47A2A0153CBF98008D893D /* AppDelegate.m */ = {isa = PBXFileReference; lastKnownFileType = sourcecode.c.objc; name = AppDelegate.m; path = Classes/AppDelegate.m; sourceTree = "<group>"; };
		FB47A2A2153CBF98008D893D /* MainViewController.h */ = {isa = PBXFileReference; name = MainViewController.h; path = Classes/MainViewController.h; sourceTree = "<group>"; };
		FB47A2A3153CBF98008D893D /* MainViewController.m */ = {isa = PBXFileReference; lastKnownFileType = sourcecode.c.objc; name = MainViewController.m; path = Classes/MainViewController.m; sourceTree = "<group>"; };
		FB47A2A5153CBF98008D893D /* MainViewController.xib */ = {isa = PBXFileReference; lastKnownFileType = file.xib; name = MainViewController.xib; path = Classes/MainViewController.xib; sourceTree = "<group>"; };
		FB47A2A8153CBF98008D893D /* README */ = {isa = PBXFileReference; name = README; path = Plugins/README; sourceTree = "<group>"; };
/* End PBXFileReference section */

/* Begin PBXFrameworksBuildPhase section */
		FB47A256153CBF98008D893D /* Frameworks */ = {
			isa = PBXFrameworksBuildPhase;
			buildActionMask = 2147483647;
			files = (
				FB47A261153CBF98008D893D /* Foundation.framework in Frameworks */,
				FB47A263153CBF98008D893D /* UIKit.framework in Frameworks */,
				FB47A265153CBF98008D893D /* CoreGraphics.framework in Frameworks */,
				FB47A267153CBF98008D893D /* AddressBook.framework in Frameworks */,
				FB47A269153CBF98008D893D /* AddressBookUI.framework in Frameworks */,
				FB47A26B153CBF98008D893D /* AudioToolbox.framework in Frameworks */,
				FB47A26D153CBF98008D893D /* AVFoundation.framework in Frameworks */,
				FB47A26F153CBF98008D893D /* CoreLocation.framework in Frameworks */,
				FB47A271153CBF98008D893D /* MediaPlayer.framework in Frameworks */,
				FB47A273153CBF98008D893D /* QuartzCore.framework in Frameworks */,
				FB47A275153CBF98008D893D /* SystemConfiguration.framework in Frameworks */,
				FB47A277153CBF98008D893D /* MobileCoreServices.framework in Frameworks */,
				FB47A279153CBF98008D893D /* CoreMedia.framework in Frameworks */,
				FB47A284153CBF98008D893D /* PhoneGap.framework in Frameworks */,
			);
			runOnlyForDeploymentPostprocessing = 0;
		};
		FB47A259153CBF98008D893D /* Frameworks */ = {
			isa = PBXFrameworksBuildPhase;
			buildActionMask = 2147483647;
			files = (
			);
			runOnlyForDeploymentPostprocessing = 0;
		};
/* End PBXFrameworksBuildPhase section */

/* Begin PBXGroup section */
		FB47A24E153CBF97008D893D = {
			isa = PBXGroup;
			children = (
				FB47A27A153CBF98008D893D /* RoadTripBonanza */,
				FB47A25F153CBF98008D893D /* Frameworks */,
				FB47A25D153CBF98008D893D /* Products */,
			);
			sourceTree = "<group>";
		};
		FB47A25D153CBF98008D893D /* Products */ = {
			isa = PBXGroup;
			children = (
				FB47A25C153CBF98008D893D /* RoadTripBonanza.app */,
			);
			name = Products;
			sourceTree = "<group>";
		};
		FB47A25F153CBF98008D893D /* Frameworks */ = {
			isa = PBXGroup;
			children = (
				FB47A260153CBF98008D893D /* Foundation.framework */,
				FB47A262153CBF98008D893D /* UIKit.framework */,
				FB47A264153CBF98008D893D /* CoreGraphics.framework */,
				FB47A266153CBF98008D893D /* AddressBook.framework */,
				FB47A268153CBF98008D893D /* AddressBookUI.framework */,
				FB47A26A153CBF98008D893D /* AudioToolbox.framework */,
				FB47A26C153CBF98008D893D /* AVFoundation.framework */,
				FB47A26E153CBF98008D893D /* CoreLocation.framework */,
				FB47A270153CBF98008D893D /* MediaPlayer.framework */,
				FB47A272153CBF98008D893D /* QuartzCore.framework */,
				FB47A274153CBF98008D893D /* SystemConfiguration.framework */,
				FB47A276153CBF98008D893D /* MobileCoreServices.framework */,
				FB47A278153CBF98008D893D /* CoreMedia.framework */,
			);
			name = Frameworks;
			sourceTree = "<group>";
		};
		FB47A27A153CBF98008D893D /* RoadTripBonanza */ = {
			isa = PBXGroup;
			children = (
				FB47A283153CBF98008D893D /* PhoneGap.framework */,
				FB47A285153CBF98008D893D /* Resources */,
				FB47A29E153CBF98008D893D /* Classes */,
				FB47A2A7153CBF98008D893D /* Plugins */,
				FB47A27B153CBF98008D893D /* Supporting Files */,
			);
			path = RoadTripBonanza;
			sourceTree = "<group>";
		};
		FB47A27B153CBF98008D893D /* Supporting Files */ = {
			isa = PBXGroup;
			children = (
				FB47A27C153CBF98008D893D /* RoadTripBonanza-Info.plist */,
				FB47A27D153CBF98008D893D /* InfoPlist.strings */,
				FB47A280153CBF98008D893D /* main.m */,
				FB47A282153CBF98008D893D /* RoadTripBonanza-Prefix.pch */,
				FB47A29C153CBF98008D893D /* PhoneGap.plist */,
				FB47A2A5153CBF98008D893D /* MainViewController.xib */,
			);
			name = "Supporting Files";
			sourceTree = "<group>";
		};
		FB47A285153CBF98008D893D /* Resources */ = {
			isa = PBXGroup;
			children = (
				FB47A29A153CBF98008D893D /* Capture.bundle */,
				FB47A286153CBF98008D893D /* en.lproj */,
				FB47A28A153CBF98008D893D /* es.lproj */,
				FB47A28E153CBF98008D893D /* icons */,
				FB47A295153CBF98008D893D /* splash */,
			);
			name = Resources;
			sourceTree = "<group>";
		};
		FB47A286153CBF98008D893D /* en.lproj */ = {
			isa = PBXGroup;
			children = (
				FB47A287153CBF98008D893D /* Localizable.strings */,
			);
			name = en.lproj;
			sourceTree = "<group>";
		};
		FB47A28A153CBF98008D893D /* es.lproj */ = {
			isa = PBXGroup;
			children = (
				FB47A28B153CBF98008D893D /* Localizable.strings */,
			);
			name = es.lproj;
			sourceTree = "<group>";
		};
		FB47A28E153CBF98008D893D /* icons */ = {
			isa = PBXGroup;
			children = (
				FB47A28F153CBF98008D893D /* icon.png */,
				FB47A291153CBF98008D893D /* icon@2x.png */,
				FB47A293153CBF98008D893D /* icon-72.png */,
			);
			name = icons;
			sourceTree = "<group>";
		};
		FB47A295153CBF98008D893D /* splash */ = {
			isa = PBXGroup;
			children = (
				FB47A296153CBF98008D893D /* Default.png */,
				FB47A298153CBF98008D893D /* Default@2x.png */,
			);
			name = splash;
			sourceTree = "<group>";
		};
		FB47A29E153CBF98008D893D /* Classes */ = {
			isa = PBXGroup;
			children = (
				FB47A29F153CBF98008D893D /* AppDelegate.h */,
				FB47A2A0153CBF98008D893D /* AppDelegate.m */,
				FB47A2A2153CBF98008D893D /* MainViewController.h */,
				FB47A2A3153CBF98008D893D /* MainViewController.m */,
			);
			name = Classes;
			sourceTree = "<group>";
		};
		FB47A2A7153CBF98008D893D /* Plugins */ = {
			isa = PBXGroup;
			children = (
				FB47A2A8153CBF98008D893D /* README */,
			);
			name = Plugins;
			sourceTree = "<group>";
		};
/* End PBXGroup section */

/* Begin PBXNativeTarget section */
		FB47A25B153CBF98008D893D /* RoadTripBonanza */ = {
			isa = PBXNativeTarget;
			buildConfigurationList = FB47A2AB153CBF98008D893D /* Build configuration list for PBXNativeTarget "RoadTripBonanza" */;
			buildPhases = (
				FB47A255153CBF98008D893D /* Sources */,
				FB47A256153CBF98008D893D /* Frameworks */,
				FB47A257153CBF98008D893D /* Resources */,
				FB47A258153CBF98008D893D /* Sources */,
				FB47A259153CBF98008D893D /* Frameworks */,
				FB47A25A153CBF98008D893D /* ShellScript */,
			);
			buildRules = (
			);
			dependencies = (
			);
			name = RoadTripBonanza;
			productName = RoadTripBonanza;
			productReference = FB47A25C153CBF98008D893D /* RoadTripBonanza.app */;
			productType = "com.apple.product-type.application";
		};
/* End PBXNativeTarget section */

/* Begin PBXProject section */
		FB47A250153CBF97008D893D /* Project object */ = {
			isa = PBXProject;
			attributes = {
				LastUpgradeCheck = 0430;
			};
			buildConfigurationList = FB47A253153CBF97008D893D /* Build configuration list for PBXProject "RoadTripBonanza" */;
			compatibilityVersion = "Xcode 3.2";
			developmentRegion = English;
			hasScannedForEncodings = 0;
			knownRegions = (
				en,
				es,
			);
			mainGroup = FB47A24E153CBF97008D893D;
			productRefGroup = FB47A25D153CBF98008D893D /* Products */;
			projectDirPath = "";
			projectRoot = "";
			targets = (
				FB47A25B153CBF98008D893D /* RoadTripBonanza */,
			);
		};
/* End PBXProject section */

/* Begin PBXResourcesBuildPhase section */
		FB47A257153CBF98008D893D /* Resources */ = {
			isa = PBXResourcesBuildPhase;
			buildActionMask = 2147483647;
			files = (
				FB47A27F153CBF98008D893D /* InfoPlist.strings in Resources */,
				FB47A289153CBF98008D893D /* Localizable.strings in Resources */,
				FB47A28D153CBF98008D893D /* Localizable.strings in Resources */,
				FB47A290153CBF98008D893D /* icon.png in Resources */,
				FB47A292153CBF98008D893D /* icon@2x.png in Resources */,
				FB47A294153CBF98008D893D /* icon-72.png in Resources */,
				FB47A297153CBF98008D893D /* Default.png in Resources */,
				FB47A299153CBF98008D893D /* Default@2x.png in Resources */,
				FB47A29B153CBF98008D893D /* Capture.bundle in Resources */,
				FB47A29D153CBF98008D893D /* PhoneGap.plist in Resources */,
				FB47A2A6153CBF98008D893D /* MainViewController.xib in Resources */,
			);
			runOnlyForDeploymentPostprocessing = 0;
		};
/* End PBXResourcesBuildPhase section */

/* Begin PBXShellScriptBuildPhase section */
		FB47A25A153CBF98008D893D /* ShellScript */ = {
			isa = PBXShellScriptBuildPhase;
			buildActionMask = 2147483647;
			files = (
			);
			inputPaths = (
			);
			outputPaths = (
			);
			runOnlyForDeploymentPostprocessing = 0;
			shellPath = /bin/bash;
			shellScript = "\n\t\t\t\t\t\t\t\tif [ ! -d \"$PROJECT_DIR/www\" ] ; then\n\t\t\t\t\t\t\t\t\tcp -R /Users/Shared/PhoneGap/Frameworks/PhoneGap.framework/www \"$PROJECT_DIR\"\n\t\t\t\t\t\t\t\tfi\n\t\t\t\t\t\t\t\t# detect www folder reference in project, if missing, print warning\n\t\t\t\t\t\t\t\tgrep \"{isa = PBXFileReference; lastKnownFileType = folder; path = www; sourceTree = \\\"<group>\\\"; };\" \"$PROJECT_DIR/$PROJECT_NAME.xcodeproj/project.pbxproj\"\n\t\t\t\t\t\t\t\trc=$? \n\t\t\t\t\t\t\t\tif [ $rc != 0 ] ; then\n\t\t\t\t\t\t\t\techo -e \"warning: Missing - Add $PROJECT_DIR/www as a folder reference in your project. Just drag and drop the folder into your project, into the Project Navigator of Xcode 4. Make sure you select the second radio-button: 'Create folder references for any added folders' (which will create a blue folder)\" 1>&2\n\t\t\t\t\t\t\t\tfi\t\t\t\t\t\t\t";
		};
/* End PBXShellScriptBuildPhase section */

/* Begin PBXSourcesBuildPhase section */
		FB47A255153CBF98008D893D /* Sources */ = {
			isa = PBXSourcesBuildPhase;
			buildActionMask = 2147483647;
			files = (
				FB47A281153CBF98008D893D /* main.m in Sources */,
				FB47A2A1153CBF98008D893D /* AppDelegate.m in Sources */,
				FB47A2A4153CBF98008D893D /* MainViewController.m in Sources */,
			);
			runOnlyForDeploymentPostprocessing = 0;
		};
		FB47A258153CBF98008D893D /* Sources */ = {
			isa = PBXSourcesBuildPhase;
			buildActionMask = 2147483647;
			files = (
			);
			runOnlyForDeploymentPostprocessing = 0;
		};
/* End PBXSourcesBuildPhase section */

/* Begin PBXVariantGroup section */
		FB47A27D153CBF98008D893D /* InfoPlist.strings */ = {
			isa = PBXVariantGroup;
			children = (
				FB47A27E153CBF98008D893D /* en */,
			);
			name = InfoPlist.strings;
			sourceTree = "<group>";
		};
		FB47A287153CBF98008D893D /* Localizable.strings */ = {
			isa = PBXVariantGroup;
			children = (
				FB47A288153CBF98008D893D /* en */,
			);
			name = Localizable.strings;
			sourceTree = "<group>";
		};
		FB47A28B153CBF98008D893D /* Localizable.strings */ = {
			isa = PBXVariantGroup;
			children = (
				FB47A28C153CBF98008D893D /* es */,
			);
			name = Localizable.strings;
			sourceTree = "<group>";
		};
/* End PBXVariantGroup section */

/* Begin XCBuildConfiguration section */
		FB47A2A9153CBF98008D893D /* Debug */ = {
			isa = XCBuildConfiguration;
			buildSettings = {
				ALWAYS_SEARCH_USER_PATHS = NO;
				ARCHS = "$(ARCHS_STANDARD_32_BIT)";
				CLANG_ENABLE_OBJC_ARC = YES;
				"CODE_SIGN_IDENTITY[sdk=iphoneos*]" = "iPhone Developer";
				COPY_PHASE_STRIP = NO;
				GCC_C_LANGUAGE_STANDARD = gnu99;
				GCC_DYNAMIC_NO_PIC = NO;
				GCC_OPTIMIZATION_LEVEL = 0;
				GCC_PREPROCESSOR_DEFINITIONS = (
					"DEBUG=1",
					"$(inherited)",
				);
				GCC_SYMBOLS_PRIVATE_EXTERN = NO;
				GCC_VERSION = com.apple.compilers.llvmgcc42;
				GCC_WARN_ABOUT_RETURN_TYPE = YES;
				GCC_WARN_UNINITIALIZED_AUTOS = YES;
				GCC_WARN_UNUSED_VARIABLE = YES;
				IPHONEOS_DEPLOYMENT_TARGET = 3.0;
				SDKROOT = iphoneos;
			};
			name = Debug;
		};
		FB47A2AA153CBF98008D893D /* Release */ = {
			isa = XCBuildConfiguration;
			buildSettings = {
				ALWAYS_SEARCH_USER_PATHS = NO;
				ARCHS = "$(ARCHS_STANDARD_32_BIT)";
				CLANG_ENABLE_OBJC_ARC = YES;
				"CODE_SIGN_IDENTITY[sdk=iphoneos*]" = "iPhone Developer";
				COPY_PHASE_STRIP = YES;
				GCC_C_LANGUAGE_STANDARD = gnu99;
				GCC_VERSION = com.apple.compilers.llvmgcc42;
				GCC_WARN_ABOUT_RETURN_TYPE = YES;
				GCC_WARN_UNINITIALIZED_AUTOS = YES;
				GCC_WARN_UNUSED_VARIABLE = YES;
				IPHONEOS_DEPLOYMENT_TARGET = 3.0;
				SDKROOT = iphoneos;
				VALIDATE_PRODUCT = YES;
			};
			name = Release;
		};
		FB47A2AC153CBF98008D893D /* Debug */ = {
			isa = XCBuildConfiguration;
			buildSettings = {
				ALWAYS_SEARCH_USER_PATHS = YES;
				COPY_PHASE_STRIP = NO;
				FRAMEWORK_SEARCH_PATHS = /Users/Shared/PhoneGap/Frameworks;
				GCC_DYNAMIC_NO_PIC = NO;
				GCC_PRECOMPILE_PREFIX_HEADER = YES;
				GCC_PREFIX_HEADER = "RoadTripBonanza/RoadTripBonanza-Prefix.pch";
				GCC_PREPROCESSOR_DEFINITIONS = "PHONEGAP_FRAMEWORK=YES";
				INFOPLIST_FILE = "RoadTripBonanza/RoadTripBonanza-Info.plist";
				OTHER_LDFLAGS = (
					"-weak_framework",
					UIKit,
					"-weak_framework",
					AVFoundation,
					"-weak_framework",
					CoreMedia,
					"-weak_library",
					/usr/lib/libSystem.B.dylib,
				);
				PRODUCT_NAME = "$(TARGET_NAME)";
				TARGETED_DEVICE_FAMILY = "1,2";
				WRAPPER_EXTENSION = app;
			};
			name = Debug;
		};
		FB47A2AD153CBF98008D893D /* Release */ = {
			isa = XCBuildConfiguration;
			buildSettings = {
				ALWAYS_SEARCH_USER_PATHS = YES;
				COPY_PHASE_STRIP = YES;
				DEBUG_INFORMATION_FORMAT = "dwarf-with-dsym";
				FRAMEWORK_SEARCH_PATHS = /Users/Shared/PhoneGap/Frameworks;
				GCC_PRECOMPILE_PREFIX_HEADER = YES;
				GCC_PREFIX_HEADER = "RoadTripBonanza/RoadTripBonanza-Prefix.pch";
				GCC_PREPROCESSOR_DEFINITIONS = "PHONEGAP_FRAMEWORK=YES";
				INFOPLIST_FILE = "RoadTripBonanza/RoadTripBonanza-Info.plist";
				OTHER_LDFLAGS = (
					"-weak_framework",
					UIKit,
					"-weak_framework",
					AVFoundation,
					"-weak_framework",
					CoreMedia,
					"-weak_library",
					/usr/lib/libSystem.B.dylib,
				);
				PRODUCT_NAME = "$(TARGET_NAME)";
				TARGETED_DEVICE_FAMILY = "1,2";
				VALIDATE_PRODUCT = YES;
				WRAPPER_EXTENSION = app;
			};
			name = Release;
		};
/* End XCBuildConfiguration section */

/* Begin XCConfigurationList section */
		FB47A253153CBF97008D893D /* Build configuration list for PBXProject "RoadTripBonanza" */ = {
			isa = XCConfigurationList;
			buildConfigurations = (
				FB47A2A9153CBF98008D893D /* Debug */,
				FB47A2AA153CBF98008D893D /* Release */,
			);
			defaultConfigurationIsVisible = 0;
			defaultConfigurationName = Release;
		};
		FB47A2AB153CBF98008D893D /* Build configuration list for PBXNativeTarget "RoadTripBonanza" */ = {
			isa = XCConfigurationList;
			buildConfigurations = (
				FB47A2AC153CBF98008D893D /* Debug */,
				FB47A2AD153CBF98008D893D /* Release */,
			);
			defaultConfigurationIsVisible = 0;
		};
/* End XCConfigurationList section */
	};
	rootObject = FB47A250153CBF97008D893D /* Project object */;
}
